
Microsoft Visual Studio Solution File, Format Version 12.00
# Visual Studio Version 17
VisualStudioVersion = 17.10.34916.146
MinimumVisualStudioVersion = 10.0.40219.1
Project("{9A19103F-16F7-4668-BE54-9A1E7A4F7556}") = "Comex", "Comex\Comex.csproj", "{FBDDAC40-823C-4F64-84C9-BA777EDEB13E}"
EndProject
Project("{FAE04EC0-301F-11D3-BF4B-00C04F79EFBC}") = "Comex.Modelos", "Comex.Modelos\Comex.Modelos.csproj", "{B45E0E4A-09DE-4812-BF3C-352F79FAA383}"
EndProject
Project("{FAE04EC0-301F-11D3-BF4B-00C04F79EFBC}") = "Comex.Tests", "Comex.Tests\Comex.Tests.csproj", "{84D496B5-487F-41E1-8F1D-ABCB1A8FF810}"
EndProject
Global
	GlobalSection(SolutionConfigurationPlatforms) = preSolution
		Debug|Any CPU = Debug|Any CPU
		Release|Any CPU = Release|Any CPU
	EndGlobalSection
	GlobalSection(ProjectConfigurationPlatforms) = postSolution
		{FBDDAC40-823C-4F64-84C9-BA777EDEB13E}.Debug|Any CPU.ActiveCfg = Debug|Any CPU
		{FBDDAC40-823C-4F64-84C9-BA777EDEB13E}.Debug|Any CPU.Build.0 = Debug|Any CPU
		{FBDDAC40-823C-4F64-84C9-BA777EDEB13E}.Release|Any CPU.ActiveCfg = Release|Any CPU
		{FBDDAC40-823C-4F64-84C9-BA777EDEB13E}.Release|Any CPU.Build.0 = Release|Any CPU
		{B45E0E4A-09DE-4812-BF3C-352F79FAA383}.Debug|Any CPU.ActiveCfg = Debug|Any CPU
		{B45E0E4A-09DE-4812-BF3C-352F79FAA383}.Debug|Any CPU.Build.0 = Debug|Any CPU
		{B45E0E4A-09DE-4812-BF3C-352F79FAA383}.Release|Any CPU.ActiveCfg = Release|Any CPU
		{B45E0E4A-09DE-4812-BF3C-352F79FAA383}.Release|Any CPU.Build.0 = Release|Any CPU
		{84D496B5-487F-41E1-8F1D-ABCB1A8FF810}.Debug|Any CPU.ActiveCfg = Debug|Any CPU
		{84D496B5-487F-41E1-8F1D-ABCB1A8FF810}.Debug|Any CPU.Build.0 = Debug|Any CPU
		{84D496B5-487F-41E1-8F1D-ABCB1A8FF810}.Release|Any CPU.ActiveCfg = Release|Any CPU
		{84D496B5-487F-41E1-8F1D-ABCB1A8FF810}.Release|Any CPU.Build.0 = Release|Any CPU
	EndGlobalSection
	GlobalSection(SolutionProperties) = preSolution
		HideSolutionNode = FALSE
	EndGlobalSection
	GlobalSection(ExtensibilityGlobals) = postSolution
		SolutionGuid = {41412528-90C0-4C7F-A38B-4AE9FB153CF3}
	EndGlobalSection
EndGlobal
